
Microsoft Visual Studio Solution File, Format Version 12.00
Project("{FAE04EC0-301F-11D3-BF4B-00C04F79EFBC}") = "Lab1", "Lab1\Lab1.csproj", "{8060E902-4499-4732-8C21-16C9FD9733FC}"
EndProject
Project("{FAE04EC0-301F-11D3-BF4B-00C04F79EFBC}") = "Lab2", "Lab2\Lab2.csproj", "{DF3A1D3E-3428-498E-8C7D-5F95E8AD7AF7}"
EndProject
Project("{FAE04EC0-301F-11D3-BF4B-00C04F79EFBC}") = "Lab3", "Lab3\Lab3.csproj", "{997A5AEC-7E26-467C-875F-AF86CC9AD46D}"
EndProject
Project("{FAE04EC0-301F-11D3-BF4B-00C04F79EFBC}") = "Project", "Project\Project.csproj", "{9F1B9EBF-1D4E-4351-854C-C339ACE99589}"
EndProject
Global
	GlobalSection(SolutionConfigurationPlatforms) = preSolution
		Debug|Any CPU = Debug|Any CPU
		Release|Any CPU = Release|Any CPU
	EndGlobalSection
	GlobalSection(ProjectConfigurationPlatforms) = postSolution
		{8060E902-4499-4732-8C21-16C9FD9733FC}.Debug|Any CPU.ActiveCfg = Debug|Any CPU
		{8060E902-4499-4732-8C21-16C9FD9733FC}.Debug|Any CPU.Build.0 = Debug|Any CPU
		{8060E902-4499-4732-8C21-16C9FD9733FC}.Release|Any CPU.ActiveCfg = Release|Any CPU
		{8060E902-4499-4732-8C21-16C9FD9733FC}.Release|Any CPU.Build.0 = Release|Any CPU
		{DF3A1D3E-3428-498E-8C7D-5F95E8AD7AF7}.Debug|Any CPU.ActiveCfg = Debug|Any CPU
		{DF3A1D3E-3428-498E-8C7D-5F95E8AD7AF7}.Debug|Any CPU.Build.0 = Debug|Any CPU
		{DF3A1D3E-3428-498E-8C7D-5F95E8AD7AF7}.Release|Any CPU.ActiveCfg = Release|Any CPU
		{DF3A1D3E-3428-498E-8C7D-5F95E8AD7AF7}.Release|Any CPU.Build.0 = Release|Any CPU
		{997A5AEC-7E26-467C-875F-AF86CC9AD46D}.Debug|Any CPU.ActiveCfg = Debug|Any CPU
		{997A5AEC-7E26-467C-875F-AF86CC9AD46D}.Debug|Any CPU.Build.0 = Debug|Any CPU
		{997A5AEC-7E26-467C-875F-AF86CC9AD46D}.Release|Any CPU.ActiveCfg = Release|Any CPU
		{997A5AEC-7E26-467C-875F-AF86CC9AD46D}.Release|Any CPU.Build.0 = Release|Any CPU
		{9F1B9EBF-1D4E-4351-854C-C339ACE99589}.Debug|Any CPU.ActiveCfg = Debug|Any CPU
		{9F1B9EBF-1D4E-4351-854C-C339ACE99589}.Debug|Any CPU.Build.0 = Debug|Any CPU
		{9F1B9EBF-1D4E-4351-854C-C339ACE99589}.Release|Any CPU.ActiveCfg = Release|Any CPU
		{9F1B9EBF-1D4E-4351-854C-C339ACE99589}.Release|Any CPU.Build.0 = Release|Any CPU
	EndGlobalSection
EndGlobal
